
Microsoft Visual Studio Solution File, Format Version 12.00
# Visual Studio Version 17
VisualStudioVersion = 17.0.31903.59
MinimumVisualStudioVersion = 10.0.40219.1
Project("{FAE04EC0-301F-11D3-BF4B-00C04F79EFBC}") = "Foundry.Core", "Foundry.Core\Foundry.Core.csproj", "{1618D1A4-2D92-4EB9-A36B-B50D609D3993}"
EndProject
Project("{FAE04EC0-301F-11D3-BF4B-00C04F79EFBC}") = "Foundry.App", "Foundry.App\Foundry.App.csproj", "{8B744E37-84D6-48B2-8928-A9A1AA7F2B8A}"
EndProject
Project("{FAE04EC0-301F-11D3-BF4B-00C04F79EFBC}") = "Foundry.Tests", "Foundry.Tests\Foundry.Tests.csproj", "{D6E238B4-AFF5-4977-B506-06404C126962}"
EndProject
Global
	GlobalSection(SolutionConfigurationPlatforms) = preSolution
		Debug|Any CPU = Debug|Any CPU
		Debug|x64 = Debug|x64
		Debug|x86 = Debug|x86
		Release|Any CPU = Release|Any CPU
		Release|x64 = Release|x64
		Release|x86 = Release|x86
	EndGlobalSection
	GlobalSection(ProjectConfigurationPlatforms) = postSolution
		{1618D1A4-2D92-4EB9-A36B-B50D609D3993}.Debug|Any CPU.ActiveCfg = Debug|Any CPU
		{1618D1A4-2D92-4EB9-A36B-B50D609D3993}.Debug|Any CPU.Build.0 = Debug|Any CPU
		{1618D1A4-2D92-4EB9-A36B-B50D609D3993}.Debug|x64.ActiveCfg = Debug|Any CPU
		{1618D1A4-2D92-4EB9-A36B-B50D609D3993}.Debug|x64.Build.0 = Debug|Any CPU
		{1618D1A4-2D92-4EB9-A36B-B50D609D3993}.Debug|x86.ActiveCfg = Debug|Any CPU
		{1618D1A4-2D92-4EB9-A36B-B50D609D3993}.Debug|x86.Build.0 = Debug|Any CPU
		{1618D1A4-2D92-4EB9-A36B-B50D609D3993}.Release|Any CPU.ActiveCfg = Release|Any CPU
		{1618D1A4-2D92-4EB9-A36B-B50D609D3993}.Release|Any CPU.Build.0 = Release|Any CPU
		{1618D1A4-2D92-4EB9-A36B-B50D609D3993}.Release|x64.ActiveCfg = Release|Any CPU
		{1618D1A4-2D92-4EB9-A36B-B50D609D3993}.Release|x64.Build.0 = Release|Any CPU
		{1618D1A4-2D92-4EB9-A36B-B50D609D3993}.Release|x86.ActiveCfg = Release|Any CPU
		{1618D1A4-2D92-4EB9-A36B-B50D609D3993}.Release|x86.Build.0 = Release|Any CPU
		{8B744E37-84D6-48B2-8928-A9A1AA7F2B8A}.Debug|Any CPU.ActiveCfg = Debug|Any CPU
		{8B744E37-84D6-48B2-8928-A9A1AA7F2B8A}.Debug|Any CPU.Build.0 = Debug|Any CPU
		{8B744E37-84D6-48B2-8928-A9A1AA7F2B8A}.Debug|x64.ActiveCfg = Debug|Any CPU
		{8B744E37-84D6-48B2-8928-A9A1AA7F2B8A}.Debug|x64.Build.0 = Debug|Any CPU
		{8B744E37-84D6-48B2-8928-A9A1AA7F2B8A}.Debug|x86.ActiveCfg = Debug|Any CPU
		{8B744E37-84D6-48B2-8928-A9A1AA7F2B8A}.Debug|x86.Build.0 = Debug|Any CPU
		{8B744E37-84D6-48B2-8928-A9A1AA7F2B8A}.Release|Any CPU.ActiveCfg = Release|Any CPU
		{8B744E37-84D6-48B2-8928-A9A1AA7F2B8A}.Release|Any CPU.Build.0 = Release|Any CPU
		{8B744E37-84D6-48B2-8928-A9A1AA7F2B8A}.Release|x64.ActiveCfg = Release|Any CPU
		{8B744E37-84D6-48B2-8928-A9A1AA7F2B8A}.Release|x64.Build.0 = Release|Any CPU
		{8B744E37-84D6-48B2-8928-A9A1AA7F2B8A}.Release|x86.ActiveCfg = Release|Any CPU
		{8B744E37-84D6-48B2-8928-A9A1AA7F2B8A}.Release|x86.Build.0 = Release|Any CPU
		{D6E238B4-AFF5-4977-B506-06404C126962}.Debug|Any CPU.ActiveCfg = Debug|Any CPU
		{D6E238B4-AFF5-4977-B506-06404C126962}.Debug|Any CPU.Build.0 = Debug|Any CPU
		{D6E238B4-AFF5-4977-B506-06404C126962}.Debug|x64.ActiveCfg = Debug|Any CPU
		{D6E238B4-AFF5-4977-B506-06404C126962}.Debug|x64.Build.0 = Debug|Any CPU
		{D6E238B4-AFF5-4977-B506-06404C126962}.Debug|x86.ActiveCfg = Debug|Any CPU
		{D6E238B4-AFF5-4977-B506-06404C126962}.Debug|x86.Build.0 = Debug|Any CPU
		{D6E238B4-AFF5-4977-B506-06404C126962}.Release|Any CPU.ActiveCfg = Release|Any CPU
		{D6E238B4-AFF5-4977-B506-06404C126962}.Release|Any CPU.Build.0 = Release|Any CPU
		{D6E238B4-AFF5-4977-B506-06404C126962}.Release|x64.ActiveCfg = Release|Any CPU
		{D6E238B4-AFF5-4977-B506-06404C126962}.Release|x64.Build.0 = Release|Any CPU
		{D6E238B4-AFF5-4977-B506-06404C126962}.Release|x86.ActiveCfg = Release|Any CPU
		{D6E238B4-AFF5-4977-B506-06404C126962}.Release|x86.Build.0 = Release|Any CPU
	EndGlobalSection
	GlobalSection(SolutionProperties) = preSolution
		HideSolutionNode = FALSE
	EndGlobalSection
EndGlobal
